
Microsoft Visual Studio Solution File, Format Version 12.00
# Visual Studio 2017
Project("{FAE04EC0-301F-11D3-BF4B-00C04F79EFBC}") = "Bubble Shooter", "Bubble Shooter.csproj", "{C20A0760-C6D4-6C46-59A2-C214C53A206A}"
EndProject
Global
	GlobalSection(SolutionConfigurationPlatforms) = preSolution
		Debug|Any CPU = Debug|Any CPU
		Release|Any CPU = Release|Any CPU
	EndGlobalSection
	GlobalSection(ProjectConfigurationPlatforms) = postSolution
		{C20A0760-C6D4-6C46-59A2-C214C53A206A}.Debug|Any CPU.ActiveCfg = Debug|Any CPU
		{C20A0760-C6D4-6C46-59A2-C214C53A206A}.Debug|Any CPU.Build.0 = Debug|Any CPU
		{C20A0760-C6D4-6C46-59A2-C214C53A206A}.Release|Any CPU.ActiveCfg = Release|Any CPU
		{C20A0760-C6D4-6C46-59A2-C214C53A206A}.Release|Any CPU.Build.0 = Release|Any CPU
	EndGlobalSection
	GlobalSection(SolutionProperties) = preSolution
		HideSolutionNode = FALSE
	EndGlobalSection
EndGlobal
